
Microsoft Visual Studio Solution File, Format Version 12.00
# Visual Studio Version 16
VisualStudioVersion = 16.0.31402.337
MinimumVisualStudioVersion = 10.0.40219.1
Project("{FAE04EC0-301F-11D3-BF4B-00C04F79EFBC}") = "Music-API", "Music-API\Music-API.csproj", "{868CA305-A37D-4403-86F2-D9915211AE6A}"
EndProject
Global
	GlobalSection(SolutionConfigurationPlatforms) = preSolution
		Debug|Any CPU = Debug|Any CPU
		Release|Any CPU = Release|Any CPU
	EndGlobalSection
	GlobalSection(ProjectConfigurationPlatforms) = postSolution
		{868CA305-A37D-4403-86F2-D9915211AE6A}.Debug|Any CPU.ActiveCfg = Debug|Any CPU
		{868CA305-A37D-4403-86F2-D9915211AE6A}.Debug|Any CPU.Build.0 = Debug|Any CPU
		{868CA305-A37D-4403-86F2-D9915211AE6A}.Release|Any CPU.ActiveCfg = Release|Any CPU
		{868CA305-A37D-4403-86F2-D9915211AE6A}.Release|Any CPU.Build.0 = Release|Any CPU
	EndGlobalSection
	GlobalSection(SolutionProperties) = preSolution
		HideSolutionNode = FALSE
	EndGlobalSection
	GlobalSection(ExtensibilityGlobals) = postSolution
		SolutionGuid = {DE1EB988-5022-404A-81FB-D3200E6E5DCF}
	EndGlobalSection
EndGlobal
